// !$*UTF8*$!
{
	archiveVersion = 1;
	classes = {
	};
	objectVersion = 55;
	objects = {

/* Begin PBXBuildFile section */
		955B36642741270D00EEE5B0 /* AppDelegate.swift in Sources */ = {isa = PBXBuildFile; fileRef = 955B36632741270D00EEE5B0 /* AppDelegate.swift */; };
		955B36662741270D00EEE5B0 /* SceneDelegate.swift in Sources */ = {isa = PBXBuildFile; fileRef = 955B36652741270D00EEE5B0 /* SceneDelegate.swift */; };
		955B36682741270D00EEE5B0 /* ViewController.swift in Sources */ = {isa = PBXBuildFile; fileRef = 955B36672741270D00EEE5B0 /* ViewController.swift */; };
		955B366B2741270D00EEE5B0 /* Main.storyboard in Resources */ = {isa = PBXBuildFile; fileRef = 955B36692741270D00EEE5B0 /* Main.storyboard */; };
		955B366D2741270F00EEE5B0 /* Assets.xcassets in Resources */ = {isa = PBXBuildFile; fileRef = 955B366C2741270F00EEE5B0 /* Assets.xcassets */; };
		955B36702741270F00EEE5B0 /* LaunchScreen.storyboard in Resources */ = {isa = PBXBuildFile; fileRef = 955B366E2741270F00EEE5B0 /* LaunchScreen.storyboard */; };
		955B367B2741270F00EEE5B0 /* TableViwe_Tests.swift in Sources */ = {isa = PBXBuildFile; fileRef = 955B367A2741270F00EEE5B0 /* TableViwe_Tests.swift */; };
		955B36852741270F00EEE5B0 /* TableViwe_UITests.swift in Sources */ = {isa = PBXBuildFile; fileRef = 955B36842741270F00EEE5B0 /* TableViwe_UITests.swift */; };
		955B36872741270F00EEE5B0 /* TableViwe_UITestsLaunchTests.swift in Sources */ = {isa = PBXBuildFile; fileRef = 955B36862741270F00EEE5B0 /* TableViwe_UITestsLaunchTests.swift */; };
		955B36942741391D00EEE5B0 /* ViewContentDetails.swift in Sources */ = {isa = PBXBuildFile; fileRef = 955B36932741391D00EEE5B0 /* ViewContentDetails.swift */; };
		9580BF32274271EF003355BC /* DrinkStruct.swift in Sources */ = {isa = PBXBuildFile; fileRef = 9580BF31274271EF003355BC /* DrinkStruct.swift */; };
/* End PBXBuildFile section */

/* Begin PBXContainerItemProxy section */
		955B36772741270F00EEE5B0 /* PBXContainerItemProxy */ = {
			isa = PBXContainerItemProxy;
			containerPortal = 955B36582741270D00EEE5B0 /* Project object */;
			proxyType = 1;
			remoteGlobalIDString = 955B365F2741270D00EEE5B0;
			remoteInfo = TableViwe.;
		};
		955B36812741270F00EEE5B0 /* PBXContainerItemProxy */ = {
			isa = PBXContainerItemProxy;
			containerPortal = 955B36582741270D00EEE5B0 /* Project object */;
			proxyType = 1;
			remoteGlobalIDString = 955B365F2741270D00EEE5B0;
			remoteInfo = TableViwe.;
		};
/* End PBXContainerItemProxy section */

/* Begin PBXFileReference section */
		955B36602741270D00EEE5B0 /* TableViwe..app */ = {isa = PBXFileReference; explicitFileType = wrapper.application; includeInIndex = 0; path = TableViwe..app; sourceTree = BUILT_PRODUCTS_DIR; };
		955B36632741270D00EEE5B0 /* AppDelegate.swift */ = {isa = PBXFileReference; lastKnownFileType = sourcecode.swift; path = AppDelegate.swift; sourceTree = "<group>"; };
		955B36652741270D00EEE5B0 /* SceneDelegate.swift */ = {isa = PBXFileReference; lastKnownFileType = sourcecode.swift; path = SceneDelegate.swift; sourceTree = "<group>"; };
		955B36672741270D00EEE5B0 /* ViewController.swift */ = {isa = PBXFileReference; lastKnownFileType = sourcecode.swift; path = ViewController.swift; sourceTree = "<group>"; };
		955B366A2741270D00EEE5B0 /* Base */ = {isa = PBXFileReference; lastKnownFileType = file.storyboard; name = Base; path = Base.lproj/Main.storyboard; sourceTree = "<group>"; };
		955B366C2741270F00EEE5B0 /* Assets.xcassets */ = {isa = PBXFileReference; lastKnownFileType = folder.assetcatalog; path = Assets.xcassets; sourceTree = "<group>"; };
		955B366F2741270F00EEE5B0 /* Base */ = {isa = PBXFileReference; lastKnownFileType = file.storyboard; name = Base; path = Base.lproj/LaunchScreen.storyboard; sourceTree = "<group>"; };
		955B36712741270F00EEE5B0 /* Info.plist */ = {isa = PBXFileReference; lastKnownFileType = text.plist.xml; path = Info.plist; sourceTree = "<group>"; };
		955B36762741270F00EEE5B0 /* TableViwe.Tests.xctest */ = {isa = PBXFileReference; explicitFileType = wrapper.cfbundle; includeInIndex = 0; path = TableViwe.Tests.xctest; sourceTree = BUILT_PRODUCTS_DIR; };
		955B367A2741270F00EEE5B0 /* TableViwe_Tests.swift */ = {isa = PBXFileReference; lastKnownFileType = sourcecode.swift; path = TableViwe_Tests.swift; sourceTree = "<group>"; };
		955B36802741270F00EEE5B0 /* TableViwe.UITests.xctest */ = {isa = PBXFileReference; explicitFileType = wrapper.cfbundle; includeInIndex = 0; path = TableViwe.UITests.xctest; sourceTree = BUILT_PRODUCTS_DIR; };
		955B36842741270F00EEE5B0 /* TableViwe_UITests.swift */ = {isa = PBXFileReference; lastKnownFileType = sourcecode.swift; path = TableViwe_UITests.swift; sourceTree = "<group>"; };
		955B36862741270F00EEE5B0 /* TableViwe_UITestsLaunchTests.swift */ = {isa = PBXFileReference; lastKnownFileType = sourcecode.swift; path = TableViwe_UITestsLaunchTests.swift; sourceTree = "<group>"; };
		955B36932741391D00EEE5B0 /* ViewContentDetails.swift */ = {isa = PBXFileReference; lastKnownFileType = sourcecode.swift; path = ViewContentDetails.swift; sourceTree = "<group>"; };
		9580BF31274271EF003355BC /* DrinkStruct.swift */ = {isa = PBXFileReference; lastKnownFileType = sourcecode.swift; path = DrinkStruct.swift; sourceTree = "<group>"; };
/* End PBXFileReference section */

/* Begin PBXFrameworksBuildPhase section */
		955B365D2741270D00EEE5B0 /* Frameworks */ = {
			isa = PBXFrameworksBuildPhase;
			buildActionMask = 2147483647;
			files = (
			);
			runOnlyForDeploymentPostprocessing = 0;
		};
		955B36732741270F00EEE5B0 /* Frameworks */ = {
			isa = PBXFrameworksBuildPhase;
			buildActionMask = 2147483647;
			files = (
			);
			runOnlyForDeploymentPostprocessing = 0;
		};
		955B367D2741270F00EEE5B0 /* Frameworks */ = {
			isa = PBXFrameworksBuildPhase;
			buildActionMask = 2147483647;
			files = (
			);
			runOnlyForDeploymentPostprocessing = 0;
		};
/* End PBXFrameworksBuildPhase section */

/* Begin PBXGroup section */
		955B36572741270D00EEE5B0 = {
			isa = PBXGroup;
			children = (
				955B36622741270D00EEE5B0 /* TableViwe. */,
				955B36792741270F00EEE5B0 /* TableViwe.Tests */,
				955B36832741270F00EEE5B0 /* TableViwe.UITests */,
				955B36612741270D00EEE5B0 /* Products */,
			);
			sourceTree = "<group>";
		};
		955B36612741270D00EEE5B0 /* Products */ = {
			isa = PBXGroup;
			children = (
				955B36602741270D00EEE5B0 /* TableViwe..app */,
				955B36762741270F00EEE5B0 /* TableViwe.Tests.xctest */,
				955B36802741270F00EEE5B0 /* TableViwe.UITests.xctest */,
			);
			name = Products;
			sourceTree = "<group>";
		};
		955B36622741270D00EEE5B0 /* TableViwe. */ = {
			isa = PBXGroup;
			children = (
				955B36632741270D00EEE5B0 /* AppDelegate.swift */,
				955B36652741270D00EEE5B0 /* SceneDelegate.swift */,
				9580BF3427427776003355BC /* Controller */,
				9580BF3327427757003355BC /* Model */,
				955B366C2741270F00EEE5B0 /* Assets.xcassets */,
				9580BF35274277AA003355BC /* View */,
				955B366E2741270F00EEE5B0 /* LaunchScreen.storyboard */,
				955B36712741270F00EEE5B0 /* Info.plist */,
			);
			path = TableViwe.;
			sourceTree = "<group>";
		};
		955B36792741270F00EEE5B0 /* TableViwe.Tests */ = {
			isa = PBXGroup;
			children = (
				955B367A2741270F00EEE5B0 /* TableViwe_Tests.swift */,
			);
			path = TableViwe.Tests;
			sourceTree = "<group>";
		};
		955B36832741270F00EEE5B0 /* TableViwe.UITests */ = {
			isa = PBXGroup;
			children = (
				955B36842741270F00EEE5B0 /* TableViwe_UITests.swift */,
				955B36862741270F00EEE5B0 /* TableViwe_UITestsLaunchTests.swift */,
			);
			path = TableViwe.UITests;
			sourceTree = "<group>";
		};
		9580BF3327427757003355BC /* Model */ = {
			isa = PBXGroup;
			children = (
				9580BF31274271EF003355BC /* DrinkStruct.swift */,
			);
			path = Model;
			sourceTree = "<group>";
		};
		9580BF3427427776003355BC /* Controller */ = {
			isa = PBXGroup;
			children = (
				955B36672741270D00EEE5B0 /* ViewController.swift */,
				955B36932741391D00EEE5B0 /* ViewContentDetails.swift */,
			);
			path = Controller;
			sourceTree = "<group>";
		};
		9580BF35274277AA003355BC /* View */ = {
			isa = PBXGroup;
			children = (
				955B36692741270D00EEE5B0 /* Main.storyboard */,
			);
			path = View;
			sourceTree = "<group>";
		};
/* End PBXGroup section */

/* Begin PBXNativeTarget section */
		955B365F2741270D00EEE5B0 /* TableViwe. */ = {
			isa = PBXNativeTarget;
			buildConfigurationList = 955B368A2741270F00EEE5B0 /* Build configuration list for PBXNativeTarget "TableViwe." */;
			buildPhases = (
				955B365C2741270D00EEE5B0 /* Sources */,
				955B365D2741270D00EEE5B0 /* Frameworks */,
				955B365E2741270D00EEE5B0 /* Resources */,
			);
			buildRules = (
			);
			dependencies = (
			);
			name = TableViwe.;
			productName = TableViwe.;
			productReference = 955B36602741270D00EEE5B0 /* TableViwe..app */;
			productType = "com.apple.product-type.application";
		};
		955B36752741270F00EEE5B0 /* TableViwe.Tests */ = {
			isa = PBXNativeTarget;
			buildConfigurationList = 955B368D2741270F00EEE5B0 /* Build configuration list for PBXNativeTarget "TableViwe.Tests" */;
			buildPhases = (
				955B36722741270F00EEE5B0 /* Sources */,
				955B36732741270F00EEE5B0 /* Frameworks */,
				955B36742741270F00EEE5B0 /* Resources */,
			);
			buildRules = (
			);
			dependencies = (
				955B36782741270F00EEE5B0 /* PBXTargetDependency */,
			);
			name = TableViwe.Tests;
			productName = TableViwe.Tests;
			productReference = 955B36762741270F00EEE5B0 /* TableViwe.Tests.xctest */;
			productType = "com.apple.product-type.bundle.unit-test";
		};
		955B367F2741270F00EEE5B0 /* TableViwe.UITests */ = {
			isa = PBXNativeTarget;
			buildConfigurationList = 955B36902741270F00EEE5B0 /* Build configuration list for PBXNativeTarget "TableViwe.UITests" */;
			buildPhases = (
				955B367C2741270F00EEE5B0 /* Sources */,
				955B367D2741270F00EEE5B0 /* Frameworks */,
				955B367E2741270F00EEE5B0 /* Resources */,
			);
			buildRules = (
			);
			dependencies = (
				955B36822741270F00EEE5B0 /* PBXTargetDependency */,
			);
			name = TableViwe.UITests;
			productName = TableViwe.UITests;
			productReference = 955B36802741270F00EEE5B0 /* TableViwe.UITests.xctest */;
			productType = "com.apple.product-type.bundle.ui-testing";
		};
/* End PBXNativeTarget section */

/* Begin PBXProject section */
		955B36582741270D00EEE5B0 /* Project object */ = {
			isa = PBXProject;
			attributes = {
				BuildIndependentTargetsInParallel = 1;
				LastSwiftUpdateCheck = 1310;
				LastUpgradeCheck = 1310;
				TargetAttributes = {
					955B365F2741270D00EEE5B0 = {
						CreatedOnToolsVersion = 13.1;
					};
					955B36752741270F00EEE5B0 = {
						CreatedOnToolsVersion = 13.1;
						TestTargetID = 955B365F2741270D00EEE5B0;
					};
					955B367F2741270F00EEE5B0 = {
						CreatedOnToolsVersion = 13.1;
						TestTargetID = 955B365F2741270D00EEE5B0;
					};
				};
			};
			buildConfigurationList = 955B365B2741270D00EEE5B0 /* Build configuration list for PBXProject "TableViwe." */;
			compatibilityVersion = "Xcode 13.0";
			developmentRegion = en;
			hasScannedForEncodings = 0;
			knownRegions = (
				en,
				Base,
			);
			mainGroup = 955B36572741270D00EEE5B0;
			productRefGroup = 955B36612741270D00EEE5B0 /* Products */;
			projectDirPath = "";
			projectRoot = "";
			targets = (
				955B365F2741270D00EEE5B0 /* TableViwe. */,
				955B36752741270F00EEE5B0 /* TableViwe.Tests */,
				955B367F2741270F00EEE5B0 /* TableViwe.UITests */,
			);
		};
/* End PBXProject section */

/* Begin PBXResourcesBuildPhase section */
		955B365E2741270D00EEE5B0 /* Resources */ = {
			isa = PBXResourcesBuildPhase;
			buildActionMask = 2147483647;
			files = (
				955B36702741270F00EEE5B0 /* LaunchScreen.storyboard in Resources */,
				955B366D2741270F00EEE5B0 /* Assets.xcassets in Resources */,
				955B366B2741270D00EEE5B0 /* Main.storyboard in Resources */,
			);
			runOnlyForDeploymentPostprocessing = 0;
		};
		955B36742741270F00EEE5B0 /* Resources */ = {
			isa = PBXResourcesBuildPhase;
			buildActionMask = 2147483647;
			files = (
			);
			runOnlyForDeploymentPostprocessing = 0;
		};
		955B367E2741270F00EEE5B0 /* Resources */ = {
			isa = PBXResourcesBuildPhase;
			buildActionMask = 2147483647;
			files = (
			);
			runOnlyForDeploymentPostprocessing = 0;
		};
/* End PBXResourcesBuildPhase section */

/* Begin PBXSourcesBuildPhase section */
		955B365C2741270D00EEE5B0 /* Sources */ = {
			isa = PBXSourcesBuildPhase;
			buildActionMask = 2147483647;
			files = (
				9580BF32274271EF003355BC /* DrinkStruct.swift in Sources */,
				955B36682741270D00EEE5B0 /* ViewController.swift in Sources */,
				955B36642741270D00EEE5B0 /* AppDelegate.swift in Sources */,
				955B36662741270D00EEE5B0 /* SceneDelegate.swift in Sources */,
				955B36942741391D00EEE5B0 /* ViewContentDetails.swift in Sources */,
			);
			runOnlyForDeploymentPostprocessing = 0;
		};
		955B36722741270F00EEE5B0 /* Sources */ = {
			isa = PBXSourcesBuildPhase;
			buildActionMask = 2147483647;
			files = (
				955B367B2741270F00EEE5B0 /* TableViwe_Tests.swift in Sources */,
			);
			runOnlyForDeploymentPostprocessing = 0;
		};
		955B367C2741270F00EEE5B0 /* Sources */ = {
			isa = PBXSourcesBuildPhase;
			buildActionMask = 2147483647;
			files = (
				955B36872741270F00EEE5B0 /* TableViwe_UITestsLaunchTests.swift in Sources */,
				955B36852741270F00EEE5B0 /* TableViwe_UITests.swift in Sources */,
			);
			runOnlyForDeploymentPostprocessing = 0;
		};
/* End PBXSourcesBuildPhase section */

/* Begin PBXTargetDependency section */
		955B36782741270F00EEE5B0 /* PBXTargetDependency */ = {
			isa = PBXTargetDependency;
			target = 955B365F2741270D00EEE5B0 /* TableViwe. */;
			targetProxy = 955B36772741270F00EEE5B0 /* PBXContainerItemProxy */;
		};
		955B36822741270F00EEE5B0 /* PBXTargetDependency */ = {
			isa = PBXTargetDependency;
			target = 955B365F2741270D00EEE5B0 /* TableViwe. */;
			targetProxy = 955B36812741270F00EEE5B0 /* PBXContainerItemProxy */;
		};
/* End PBXTargetDependency section */

/* Begin PBXVariantGroup section */
		955B36692741270D00EEE5B0 /* Main.storyboard */ = {
			isa = PBXVariantGroup;
			children = (
				955B366A2741270D00EEE5B0 /* Base */,
			);
			name = Main.storyboard;
			sourceTree = "<group>";
		};
		955B366E2741270F00EEE5B0 /* LaunchScreen.storyboard */ = {
			isa = PBXVariantGroup;
			children = (
				955B366F2741270F00EEE5B0 /* Base */,
			);
			name = LaunchScreen.storyboard;
			sourceTree = "<group>";
		};
/* End PBXVariantGroup section */

/* Begin XCBuildConfiguration section */
		955B36882741270F00EEE5B0 /* Debug */ = {
			isa = XCBuildConfiguration;
			buildSettings = {
				ALWAYS_SEARCH_USER_PATHS = NO;
				CLANG_ANALYZER_NONNULL = YES;
				CLANG_ANALYZER_NUMBER_OBJECT_CONVERSION = YES_AGGRESSIVE;
				CLANG_CXX_LANGUAGE_STANDARD = "gnu++17";
				CLANG_CXX_LIBRARY = "libc++";
				CLANG_ENABLE_MODULES = YES;
				CLANG_ENABLE_OBJC_ARC = YES;
				CLANG_ENABLE_OBJC_WEAK = YES;
				CLANG_WARN_BLOCK_CAPTURE_AUTORELEASING = YES;
				CLANG_WARN_BOOL_CONVERSION = YES;
				CLANG_WARN_COMMA = YES;
				CLANG_WARN_CONSTANT_CONVERSION = YES;
				CLANG_WARN_DEPRECATED_OBJC_IMPLEMENTATIONS = YES;
				CLANG_WARN_DIRECT_OBJC_ISA_USAGE = YES_ERROR;
				CLANG_WARN_DOCUMENTATION_COMMENTS = YES;
				CLANG_WARN_EMPTY_BODY = YES;
				CLANG_WARN_ENUM_CONVERSION = YES;
				CLANG_WARN_INFINITE_RECURSION = YES;
				CLANG_WARN_INT_CONVERSION = YES;
				CLANG_WARN_NON_LITERAL_NULL_CONVERSION = YES;
				CLANG_WARN_OBJC_IMPLICIT_RETAIN_SELF = YES;
				CLANG_WARN_OBJC_LITERAL_CONVERSION = YES;
				CLANG_WARN_OBJC_ROOT_CLASS = YES_ERROR;
				CLANG_WARN_QUOTED_INCLUDE_IN_FRAMEWORK_HEADER = YES;
				CLANG_WARN_RANGE_LOOP_ANALYSIS = YES;
				CLANG_WARN_STRICT_PROTOTYPES = YES;
				CLANG_WARN_SUSPICIOUS_MOVE = YES;
				CLANG_WARN_UNGUARDED_AVAILABILITY = YES_AGGRESSIVE;
				CLANG_WARN_UNREACHABLE_CODE = YES;
				CLANG_WARN__DUPLICATE_METHOD_MATCH = YES;
				COPY_PHASE_STRIP = NO;
				DEBUG_INFORMATION_FORMAT = dwarf;
				ENABLE_STRICT_OBJC_MSGSEND = YES;
				ENABLE_TESTABILITY = YES;
				GCC_C_LANGUAGE_STANDARD = gnu11;
				GCC_DYNAMIC_NO_PIC = NO;
				GCC_NO_COMMON_BLOCKS = YES;
				GCC_OPTIMIZATION_LEVEL = 0;
				GCC_PREPROCESSOR_DEFINITIONS = (
					"DEBUG=1",
					"$(inherited)",
				);
				GCC_WARN_64_TO_32_BIT_CONVERSION = YES;
				GCC_WARN_ABOUT_RETURN_TYPE = YES_ERROR;
				GCC_WARN_UNDECLARED_SELECTOR = YES;
				GCC_WARN_UNINITIALIZED_AUTOS = YES_AGGRESSIVE;
				GCC_WARN_UNUSED_FUNCTION = YES;
				GCC_WARN_UNUSED_VARIABLE = YES;
				IPHONEOS_DEPLOYMENT_TARGET = 15.0;
				MTL_ENABLE_DEBUG_INFO = INCLUDE_SOURCE;
				MTL_FAST_MATH = YES;
				ONLY_ACTIVE_ARCH = YES;
				SDKROOT = iphoneos;
				SWIFT_ACTIVE_COMPILATION_CONDITIONS = DEBUG;
				SWIFT_OPTIMIZATION_LEVEL = "-Onone";
			};
			name = Debug;
		};
		955B36892741270F00EEE5B0 /* Release */ = {
			isa = XCBuildConfiguration;
			buildSettings = {
				ALWAYS_SEARCH_USER_PATHS = NO;
				CLANG_ANALYZER_NONNULL = YES;
				CLANG_ANALYZER_NUMBER_OBJECT_CONVERSION = YES_AGGRESSIVE;
				CLANG_CXX_LANGUAGE_STANDARD = "gnu++17";
				CLANG_CXX_LIBRARY = "libc++";
				CLANG_ENABLE_MODULES = YES;
				CLANG_ENABLE_OBJC_ARC = YES;
				CLANG_ENABLE_OBJC_WEAK = YES;
				CLANG_WARN_BLOCK_CAPTURE_AUTORELEASING = YES;
				CLANG_WARN_BOOL_CONVERSION = YES;
				CLANG_WARN_COMMA = YES;
				CLANG_WARN_CONSTANT_CONVERSION = YES;
				CLANG_WARN_DEPRECATED_OBJC_IMPLEMENTATIONS = YES;
				CLANG_WARN_DIRECT_OBJC_ISA_USAGE = YES_ERROR;
				CLANG_WARN_DOCUMENTATION_COMMENTS = YES;
				CLANG_WARN_EMPTY_BODY = YES;
				CLANG_WARN_ENUM_CONVERSION = YES;
				CLANG_WARN_INFINITE_RECURSION = YES;
				CLANG_WARN_INT_CONVERSION = YES;
				CLANG_WARN_NON_LITERAL_NULL_CONVERSION = YES;
				CLANG_WARN_OBJC_IMPLICIT_RETAIN_SELF = YES;
				CLANG_WARN_OBJC_LITERAL_CONVERSION = YES;
				CLANG_WARN_OBJC_ROOT_CLASS = YES_ERROR;
				CLANG_WARN_QUOTED_INCLUDE_IN_FRAMEWORK_HEADER = YES;
				CLANG_WARN_RANGE_LOOP_ANALYSIS = YES;
				CLANG_WARN_STRICT_PROTOTYPES = YES;
				CLANG_WARN_SUSPICIOUS_MOVE = YES;
				CLANG_WARN_UNGUARDED_AVAILABILITY = YES_AGGRESSIVE;
				CLANG_WARN_UNREACHABLE_CODE = YES;
				CLANG_WARN__DUPLICATE_METHOD_MATCH = YES;
				COPY_PHASE_STRIP = NO;
				DEBUG_INFORMATION_FORMAT = "dwarf-with-dsym";
				ENABLE_NS_ASSERTIONS = NO;
				ENABLE_STRICT_OBJC_MSGSEND = YES;
				GCC_C_LANGUAGE_STANDARD = gnu11;
				GCC_NO_COMMON_BLOCKS = YES;
				GCC_WARN_64_TO_32_BIT_CONVERSION = YES;
				GCC_WARN_ABOUT_RETURN_TYPE = YES_ERROR;
				GCC_WARN_UNDECLARED_SELECTOR = YES;
				GCC_WARN_UNINITIALIZED_AUTOS = YES_AGGRESSIVE;
				GCC_WARN_UNUSED_FUNCTION = YES;
				GCC_WARN_UNUSED_VARIABLE = YES;
				IPHONEOS_DEPLOYMENT_TARGET = 15.0;
				MTL_ENABLE_DEBUG_INFO = NO;
				MTL_FAST_MATH = YES;
				SDKROOT = iphoneos;
				SWIFT_COMPILATION_MODE = wholemodule;
				SWIFT_OPTIMIZATION_LEVEL = "-O";
				VALIDATE_PRODUCT = YES;
			};
			name = Release;
		};
		955B368B2741270F00EEE5B0 /* Debug */ = {
			isa = XCBuildConfiguration;
			buildSettings = {
				ASSETCATALOG_COMPILER_APPICON_NAME = AppIcon;
				ASSETCATALOG_COMPILER_GLOBAL_ACCENT_COLOR_NAME = AccentColor;
				CODE_SIGN_STYLE = Automatic;
				CURRENT_PROJECT_VERSION = 1;
				DEVELOPMENT_TEAM = 4TAAWH6W7Q;
				GENERATE_INFOPLIST_FILE = YES;
				INFOPLIST_FILE = TableViwe./Info.plist;
				INFOPLIST_KEY_UIApplicationSupportsIndirectInputEvents = YES;
				INFOPLIST_KEY_UILaunchStoryboardName = LaunchScreen;
				INFOPLIST_KEY_UIMainStoryboardFile = Main;
				INFOPLIST_KEY_UISupportedInterfaceOrientations_iPad = "UIInterfaceOrientationPortrait UIInterfaceOrientationPortraitUpsideDown UIInterfaceOrientationLandscapeLeft UIInterfaceOrientationLandscapeRight";
				INFOPLIST_KEY_UISupportedInterfaceOrientations_iPhone = "UIInterfaceOrientationPortrait UIInterfaceOrientationLandscapeLeft UIInterfaceOrientationLandscapeRight";
				LD_RUNPATH_SEARCH_PATHS = (
					"$(inherited)",
					"@executable_path/Frameworks",
				);
				MARKETING_VERSION = 1.0;
				PRODUCT_BUNDLE_IDENTIFIER = "jawaher.TableViwe-";
				PRODUCT_NAME = "$(TARGET_NAME)";
				SWIFT_EMIT_LOC_STRINGS = YES;
				SWIFT_VERSION = 5.0;
				TARGETED_DEVICE_FAMILY = "1,2";
			};
			name = Debug;
		};
		955B368C2741270F00EEE5B0 /* Release */ = {
			isa = XCBuildConfiguration;
			buildSettings = {
				ASSETCATALOG_COMPILER_APPICON_NAME = AppIcon;
				ASSETCATALOG_COMPILER_GLOBAL_ACCENT_COLOR_NAME = AccentColor;
				CODE_SIGN_STYLE = Automatic;
				CURRENT_PROJECT_VERSION = 1;
				DEVELOPMENT_TEAM = 4TAAWH6W7Q;
				GENERATE_INFOPLIST_FILE = YES;
				INFOPLIST_FILE = TableViwe./Info.plist;
				INFOPLIST_KEY_UIApplicationSupportsIndirectInputEvents = YES;
				INFOPLIST_KEY_UILaunchStoryboardName = LaunchScreen;
				INFOPLIST_KEY_UIMainStoryboardFile = Main;
				INFOPLIST_KEY_UISupportedInterfaceOrientations_iPad = "UIInterfaceOrientationPortrait UIInterfaceOrientationPortraitUpsideDown UIInterfaceOrientationLandscapeLeft UIInterfaceOrientationLandscapeRight";
				INFOPLIST_KEY_UISupportedInterfaceOrientations_iPhone = "UIInterfaceOrientationPortrait UIInterfaceOrientationLandscapeLeft UIInterfaceOrientationLandscapeRight";
				LD_RUNPATH_SEARCH_PATHS = (
					"$(inherited)",
					"@executable_path/Frameworks",
				);
				MARKETING_VERSION = 1.0;
				PRODUCT_BUNDLE_IDENTIFIER = "jawaher.TableViwe-";
				PRODUCT_NAME = "$(TARGET_NAME)";
				SWIFT_EMIT_LOC_STRINGS = YES;
				SWIFT_VERSION = 5.0;
				TARGETED_DEVICE_FAMILY = "1,2";
			};
			name = Release;
		};
		955B368E2741270F00EEE5B0 /* Debug */ = {
			isa = XCBuildConfiguration;
			buildSettings = {
				ALWAYS_EMBED_SWIFT_STANDARD_LIBRARIES = YES;
				BUNDLE_LOADER = "$(TEST_HOST)";
				CODE_SIGN_STYLE = Automatic;
				CURRENT_PROJECT_VERSION = 1;
				DEVELOPMENT_TEAM = 4TAAWH6W7Q;
				GENERATE_INFOPLIST_FILE = YES;
				IPHONEOS_DEPLOYMENT_TARGET = 15.0;
				LD_RUNPATH_SEARCH_PATHS = (
					"$(inherited)",
					"@executable_path/Frameworks",
					"@loader_path/Frameworks",
				);
				MARKETING_VERSION = 1.0;
				PRODUCT_BUNDLE_IDENTIFIER = "jawaher.TableViwe-Tests";
				PRODUCT_NAME = "$(TARGET_NAME)";
				SWIFT_EMIT_LOC_STRINGS = NO;
				SWIFT_VERSION = 5.0;
				TARGETED_DEVICE_FAMILY = "1,2";
				TEST_HOST = "$(BUILT_PRODUCTS_DIR)/TableViwe..app/TableViwe.";
			};
			name = Debug;
		};
		955B368F2741270F00EEE5B0 /* Release */ = {
			isa = XCBuildConfiguration;
			buildSettings = {
				ALWAYS_EMBED_SWIFT_STANDARD_LIBRARIES = YES;
				BUNDLE_LOADER = "$(TEST_HOST)";
				CODE_SIGN_STYLE = Automatic;
				CURRENT_PROJECT_VERSION = 1;
				DEVELOPMENT_TEAM = 4TAAWH6W7Q;
				GENERATE_INFOPLIST_FILE = YES;
				IPHONEOS_DEPLOYMENT_TARGET = 15.0;
				LD_RUNPATH_SEARCH_PATHS = (
					"$(inherited)",
					"@executable_path/Frameworks",
					"@loader_path/Frameworks",
				);
				MARKETING_VERSION = 1.0;
				PRODUCT_BUNDLE_IDENTIFIER = "jawaher.TableViwe-Tests";
				PRODUCT_NAME = "$(TARGET_NAME)";
				SWIFT_EMIT_LOC_STRINGS = NO;
				SWIFT_VERSION = 5.0;
				TARGETED_DEVICE_FAMILY = "1,2";
				TEST_HOST = "$(BUILT_PRODUCTS_DIR)/TableViwe..app/TableViwe.";
			};
			name = Release;
		};
		955B36912741270F00EEE5B0 /* Debug */ = {
			isa = XCBuildConfiguration;
			buildSettings = {
				ALWAYS_EMBED_SWIFT_STANDARD_LIBRARIES = YES;
				CODE_SIGN_STYLE = Automatic;
				CURRENT_PROJECT_VERSION = 1;
				DEVELOPMENT_TEAM = 4TAAWH6W7Q;
				GENERATE_INFOPLIST_FILE = YES;
				LD_RUNPATH_SEARCH_PATHS = (
					"$(inherited)",
					"@executable_path/Frameworks",
					"@loader_path/Frameworks",
				);
				MARKETING_VERSION = 1.0;
				PRODUCT_BUNDLE_IDENTIFIER = "jawaher.TableViwe-UITests";
				PRODUCT_NAME = "$(TARGET_NAME)";
				SWIFT_EMIT_LOC_STRINGS = NO;
				SWIFT_VERSION = 5.0;
				TARGETED_DEVICE_FAMILY = "1,2";
				TEST_TARGET_NAME = TableViwe.;
			};
			name = Debug;
		};
		955B36922741270F00EEE5B0 /* Release */ = {
			isa = XCBuildConfiguration;
			buildSettings = {
				ALWAYS_EMBED_SWIFT_STANDARD_LIBRARIES = YES;
				CODE_SIGN_STYLE = Automatic;
				CURRENT_PROJECT_VERSION = 1;
				DEVELOPMENT_TEAM = 4TAAWH6W7Q;
				GENERATE_INFOPLIST_FILE = YES;
				LD_RUNPATH_SEARCH_PATHS = (
					"$(inherited)",
					"@executable_path/Frameworks",
					"@loader_path/Frameworks",
				);
				MARKETING_VERSION = 1.0;
				PRODUCT_BUNDLE_IDENTIFIER = "jawaher.TableViwe-UITests";
				PRODUCT_NAME = "$(TARGET_NAME)";
				SWIFT_EMIT_LOC_STRINGS = NO;
				SWIFT_VERSION = 5.0;
				TARGETED_DEVICE_FAMILY = "1,2";
				TEST_TARGET_NAME = TableViwe.;
			};
			name = Release;
		};
/* End XCBuildConfiguration section */

/* Begin XCConfigurationList section */
		955B365B2741270D00EEE5B0 /* Build configuration list for PBXProject "TableViwe." */ = {
			isa = XCConfigurationList;
			buildConfigurations = (
				955B36882741270F00EEE5B0 /* Debug */,
				955B36892741270F00EEE5B0 /* Release */,
			);
			defaultConfigurationIsVisible = 0;
			defaultConfigurationName = Release;
		};
		955B368A2741270F00EEE5B0 /* Build configuration list for PBXNativeTarget "TableViwe." */ = {
			isa = XCConfigurationList;
			buildConfigurations = (
				955B368B2741270F00EEE5B0 /* Debug */,
				955B368C2741270F00EEE5B0 /* Release */,
			);
			defaultConfigurationIsVisible = 0;
			defaultConfigurationName = Release;
		};
		955B368D2741270F00EEE5B0 /* Build configuration list for PBXNativeTarget "TableViwe.Tests" */ = {
			isa = XCConfigurationList;
			buildConfigurations = (
				955B368E2741270F00EEE5B0 /* Debug */,
				955B368F2741270F00EEE5B0 /* Release */,
			);
			defaultConfigurationIsVisible = 0;
			defaultConfigurationName = Release;
		};
		955B36902741270F00EEE5B0 /* Build configuration list for PBXNativeTarget "TableViwe.UITests" */ = {
			isa = XCConfigurationList;
			buildConfigurations = (
				955B36912741270F00EEE5B0 /* Debug */,
				955B36922741270F00EEE5B0 /* Release */,
			);
			defaultConfigurationIsVisible = 0;
			defaultConfigurationName = Release;
		};
/* End XCConfigurationList section */
	};
	rootObject = 955B36582741270D00EEE5B0 /* Project object */;
}
